// !$*UTF8*$!
{
	archiveVersion = 1;
	classes = {
	};
	objectVersion = 56;
	objects = {

/* Begin PBXBuildFile section */
		CC2CC0652A6C54E600D17A0F /* AppDelegate.swift in Sources */ = {isa = PBXBuildFile; fileRef = CC2CC0642A6C54E600D17A0F /* AppDelegate.swift */; };
		CC2CC0672A6C54E600D17A0F /* SceneDelegate.swift in Sources */ = {isa = PBXBuildFile; fileRef = CC2CC0662A6C54E600D17A0F /* SceneDelegate.swift */; };
		CC2CC0692A6C54E600D17A0F /* MainViewController.swift in Sources */ = {isa = PBXBuildFile; fileRef = CC2CC0682A6C54E600D17A0F /* MainViewController.swift */; };
		CC2CC06E2A6C54E700D17A0F /* Assets.xcassets in Resources */ = {isa = PBXBuildFile; fileRef = CC2CC06D2A6C54E700D17A0F /* Assets.xcassets */; };
		CC2CC0712A6C54E700D17A0F /* LaunchScreen.storyboard in Resources */ = {isa = PBXBuildFile; fileRef = CC2CC06F2A6C54E700D17A0F /* LaunchScreen.storyboard */; };
		CC2CC0792A6C59F400D17A0F /* ChatViewController.swift in Sources */ = {isa = PBXBuildFile; fileRef = CC2CC0782A6C59F400D17A0F /* ChatViewController.swift */; };
		CC2CC07D2A6C709D00D17A0F /* TableViewCell.swift in Sources */ = {isa = PBXBuildFile; fileRef = CC2CC07C2A6C709D00D17A0F /* TableViewCell.swift */; };
		CC2CC0802A6D0F7800D17A0F /* UITableView+Extensions.swift in Sources */ = {isa = PBXBuildFile; fileRef = CC2CC07F2A6D0F7800D17A0F /* UITableView+Extensions.swift */; };
		CC2CC0822A6D1DED00D17A0F /* UIColor+Extensions.swift in Sources */ = {isa = PBXBuildFile; fileRef = CC2CC0812A6D1DED00D17A0F /* UIColor+Extensions.swift */; };
/* End PBXBuildFile section */

/* Begin PBXFileReference section */
		CC2CC0612A6C54E600D17A0F /* AIWriter.app */ = {isa = PBXFileReference; explicitFileType = wrapper.application; includeInIndex = 0; path = AIWriter.app; sourceTree = BUILT_PRODUCTS_DIR; };
		CC2CC0642A6C54E600D17A0F /* AppDelegate.swift */ = {isa = PBXFileReference; lastKnownFileType = sourcecode.swift; path = AppDelegate.swift; sourceTree = "<group>"; };
		CC2CC0662A6C54E600D17A0F /* SceneDelegate.swift */ = {isa = PBXFileReference; lastKnownFileType = sourcecode.swift; path = SceneDelegate.swift; sourceTree = "<group>"; };
		CC2CC0682A6C54E600D17A0F /* MainViewController.swift */ = {isa = PBXFileReference; lastKnownFileType = sourcecode.swift; path = MainViewController.swift; sourceTree = "<group>"; };
		CC2CC06D2A6C54E700D17A0F /* Assets.xcassets */ = {isa = PBXFileReference; lastKnownFileType = folder.assetcatalog; path = Assets.xcassets; sourceTree = "<group>"; };
		CC2CC0702A6C54E700D17A0F /* Base */ = {isa = PBXFileReference; lastKnownFileType = file.storyboard; name = Base; path = Base.lproj/LaunchScreen.storyboard; sourceTree = "<group>"; };
		CC2CC0722A6C54E700D17A0F /* Info.plist */ = {isa = PBXFileReference; lastKnownFileType = text.plist.xml; path = Info.plist; sourceTree = "<group>"; };
		CC2CC0782A6C59F400D17A0F /* ChatViewController.swift */ = {isa = PBXFileReference; lastKnownFileType = sourcecode.swift; path = ChatViewController.swift; sourceTree = "<group>"; };
		CC2CC07C2A6C709D00D17A0F /* TableViewCell.swift */ = {isa = PBXFileReference; lastKnownFileType = sourcecode.swift; path = TableViewCell.swift; sourceTree = "<group>"; };
		CC2CC07F2A6D0F7800D17A0F /* UITableView+Extensions.swift */ = {isa = PBXFileReference; lastKnownFileType = sourcecode.swift; path = "UITableView+Extensions.swift"; sourceTree = "<group>"; };
		CC2CC0812A6D1DED00D17A0F /* UIColor+Extensions.swift */ = {isa = PBXFileReference; lastKnownFileType = sourcecode.swift; path = "UIColor+Extensions.swift"; sourceTree = "<group>"; };
/* End PBXFileReference section */

/* Begin PBXFrameworksBuildPhase section */
		CC2CC05E2A6C54E600D17A0F /* Frameworks */ = {
			isa = PBXFrameworksBuildPhase;
			buildActionMask = 2147483647;
			files = (
			);
			runOnlyForDeploymentPostprocessing = 0;
		};
/* End PBXFrameworksBuildPhase section */

/* Begin PBXGroup section */
		CC2CC0582A6C54E600D17A0F = {
			isa = PBXGroup;
			children = (
				CC2CC07B2A6C708600D17A0F /* Views */,
				CC2CC0632A6C54E600D17A0F /* AIWriter */,
				CC2CC07A2A6C5B3C00D17A0F /* Supporting */,
				CC2CC07E2A6D0F6400D17A0F /* Extensions */,
				CC2CC0622A6C54E600D17A0F /* Products */,
			);
			sourceTree = "<group>";
		};
		CC2CC0622A6C54E600D17A0F /* Products */ = {
			isa = PBXGroup;
			children = (
				CC2CC0612A6C54E600D17A0F /* AIWriter.app */,
			);
			name = Products;
			sourceTree = "<group>";
		};
		CC2CC0632A6C54E600D17A0F /* AIWriter */ = {
			isa = PBXGroup;
			children = (
				CC2CC0682A6C54E600D17A0F /* MainViewController.swift */,
				CC2CC0782A6C59F400D17A0F /* ChatViewController.swift */,
				CC2CC0722A6C54E700D17A0F /* Info.plist */,
			);
			path = AIWriter;
			sourceTree = "<group>";
		};
		CC2CC07A2A6C5B3C00D17A0F /* Supporting */ = {
			isa = PBXGroup;
			children = (
				CC2CC0642A6C54E600D17A0F /* AppDelegate.swift */,
				CC2CC0662A6C54E600D17A0F /* SceneDelegate.swift */,
				CC2CC06D2A6C54E700D17A0F /* Assets.xcassets */,
				CC2CC06F2A6C54E700D17A0F /* LaunchScreen.storyboard */,
			);
			path = Supporting;
			sourceTree = "<group>";
		};
		CC2CC07B2A6C708600D17A0F /* Views */ = {
			isa = PBXGroup;
			children = (
				CC2CC07C2A6C709D00D17A0F /* TableViewCell.swift */,
			);
			path = Views;
			sourceTree = "<group>";
		};
		CC2CC07E2A6D0F6400D17A0F /* Extensions */ = {
			isa = PBXGroup;
			children = (
				CC2CC07F2A6D0F7800D17A0F /* UITableView+Extensions.swift */,
				CC2CC0812A6D1DED00D17A0F /* UIColor+Extensions.swift */,
			);
			path = Extensions;
			sourceTree = "<group>";
		};
/* End PBXGroup section */

/* Begin PBXNativeTarget section */
		CC2CC0602A6C54E600D17A0F /* AIWriter */ = {
			isa = PBXNativeTarget;
			buildConfigurationList = CC2CC0752A6C54E700D17A0F /* Build configuration list for PBXNativeTarget "AIWriter" */;
			buildPhases = (
				CC2CC05D2A6C54E600D17A0F /* Sources */,
				CC2CC05E2A6C54E600D17A0F /* Frameworks */,
				CC2CC05F2A6C54E600D17A0F /* Resources */,
			);
			buildRules = (
			);
			dependencies = (
			);
			name = AIWriter;
			productName = AIWriter;
			productReference = CC2CC0612A6C54E600D17A0F /* AIWriter.app */;
			productType = "com.apple.product-type.application";
		};
/* End PBXNativeTarget section */

/* Begin PBXProject section */
		CC2CC0592A6C54E600D17A0F /* Project object */ = {
			isa = PBXProject;
			attributes = {
				BuildIndependentTargetsInParallel = 1;
				LastSwiftUpdateCheck = 1430;
				LastUpgradeCheck = 1430;
				TargetAttributes = {
					CC2CC0602A6C54E600D17A0F = {
						CreatedOnToolsVersion = 14.3.1;
					};
				};
			};
			buildConfigurationList = CC2CC05C2A6C54E600D17A0F /* Build configuration list for PBXProject "AIWriter" */;
			compatibilityVersion = "Xcode 14.0";
			developmentRegion = en;
			hasScannedForEncodings = 0;
			knownRegions = (
				en,
				Base,
			);
			mainGroup = CC2CC0582A6C54E600D17A0F;
			productRefGroup = CC2CC0622A6C54E600D17A0F /* Products */;
			projectDirPath = "";
			projectRoot = "";
			targets = (
				CC2CC0602A6C54E600D17A0F /* AIWriter */,
			);
		};
/* End PBXProject section */

/* Begin PBXResourcesBuildPhase section */
		CC2CC05F2A6C54E600D17A0F /* Resources */ = {
			isa = PBXResourcesBuildPhase;
			buildActionMask = 2147483647;
			files = (
				CC2CC0712A6C54E700D17A0F /* LaunchScreen.storyboard in Resources */,
				CC2CC06E2A6C54E700D17A0F /* Assets.xcassets in Resources */,
			);
			runOnlyForDeploymentPostprocessing = 0;
		};
/* End PBXResourcesBuildPhase section */

/* Begin PBXSourcesBuildPhase section */
		CC2CC05D2A6C54E600D17A0F /* Sources */ = {
			isa = PBXSourcesBuildPhase;
			buildActionMask = 2147483647;
			files = (
				CC2CC07D2A6C709D00D17A0F /* TableViewCell.swift in Sources */,
				CC2CC0692A6C54E600D17A0F /* MainViewController.swift in Sources */,
				CC2CC0652A6C54E600D17A0F /* AppDelegate.swift in Sources */,
				CC2CC0802A6D0F7800D17A0F /* UITableView+Extensions.swift in Sources */,
				CC2CC0822A6D1DED00D17A0F /* UIColor+Extensions.swift in Sources */,
				CC2CC0792A6C59F400D17A0F /* ChatViewController.swift in Sources */,
				CC2CC0672A6C54E600D17A0F /* SceneDelegate.swift in Sources */,
			);
			runOnlyForDeploymentPostprocessing = 0;
		};
/* End PBXSourcesBuildPhase section */

/* Begin PBXVariantGroup section */
		CC2CC06F2A6C54E700D17A0F /* LaunchScreen.storyboard */ = {
			isa = PBXVariantGroup;
			children = (
				CC2CC0702A6C54E700D17A0F /* Base */,
			);
			name = LaunchScreen.storyboard;
			sourceTree = "<group>";
		};
/* End PBXVariantGroup section */

/* Begin XCBuildConfiguration section */
		CC2CC0732A6C54E700D17A0F /* Debug */ = {
			isa = XCBuildConfiguration;
			buildSettings = {
				ALWAYS_SEARCH_USER_PATHS = NO;
				CLANG_ANALYZER_NONNULL = YES;
				CLANG_ANALYZER_NUMBER_OBJECT_CONVERSION = YES_AGGRESSIVE;
				CLANG_CXX_LANGUAGE_STANDARD = "gnu++20";
				CLANG_ENABLE_MODULES = YES;
				CLANG_ENABLE_OBJC_ARC = YES;
				CLANG_ENABLE_OBJC_WEAK = YES;
				CLANG_WARN_BLOCK_CAPTURE_AUTORELEASING = YES;
				CLANG_WARN_BOOL_CONVERSION = YES;
				CLANG_WARN_COMMA = YES;
				CLANG_WARN_CONSTANT_CONVERSION = YES;
				CLANG_WARN_DEPRECATED_OBJC_IMPLEMENTATIONS = YES;
				CLANG_WARN_DIRECT_OBJC_ISA_USAGE = YES_ERROR;
				CLANG_WARN_DOCUMENTATION_COMMENTS = YES;
				CLANG_WARN_EMPTY_BODY = YES;
				CLANG_WARN_ENUM_CONVERSION = YES;
				CLANG_WARN_INFINITE_RECURSION = YES;
				CLANG_WARN_INT_CONVERSION = YES;
				CLANG_WARN_NON_LITERAL_NULL_CONVERSION = YES;
				CLANG_WARN_OBJC_IMPLICIT_RETAIN_SELF = YES;
				CLANG_WARN_OBJC_LITERAL_CONVERSION = YES;
				CLANG_WARN_OBJC_ROOT_CLASS = YES_ERROR;
				CLANG_WARN_QUOTED_INCLUDE_IN_FRAMEWORK_HEADER = YES;
				CLANG_WARN_RANGE_LOOP_ANALYSIS = YES;
				CLANG_WARN_STRICT_PROTOTYPES = YES;
				CLANG_WARN_SUSPICIOUS_MOVE = YES;
				CLANG_WARN_UNGUARDED_AVAILABILITY = YES_AGGRESSIVE;
				CLANG_WARN_UNREACHABLE_CODE = YES;
				CLANG_WARN__DUPLICATE_METHOD_MATCH = YES;
				COPY_PHASE_STRIP = NO;
				DEBUG_INFORMATION_FORMAT = dwarf;
				ENABLE_STRICT_OBJC_MSGSEND = YES;
				ENABLE_TESTABILITY = YES;
				GCC_C_LANGUAGE_STANDARD = gnu11;
				GCC_DYNAMIC_NO_PIC = NO;
				GCC_NO_COMMON_BLOCKS = YES;
				GCC_OPTIMIZATION_LEVEL = 0;
				GCC_PREPROCESSOR_DEFINITIONS = (
					"DEBUG=1",
					"$(inherited)",
				);
				GCC_WARN_64_TO_32_BIT_CONVERSION = YES;
				GCC_WARN_ABOUT_RETURN_TYPE = YES_ERROR;
				GCC_WARN_UNDECLARED_SELECTOR = YES;
				GCC_WARN_UNINITIALIZED_AUTOS = YES_AGGRESSIVE;
				GCC_WARN_UNUSED_FUNCTION = YES;
				GCC_WARN_UNUSED_VARIABLE = YES;
				IPHONEOS_DEPLOYMENT_TARGET = 16.4;
				MTL_ENABLE_DEBUG_INFO = INCLUDE_SOURCE;
				MTL_FAST_MATH = YES;
				ONLY_ACTIVE_ARCH = YES;
				SDKROOT = iphoneos;
				SWIFT_ACTIVE_COMPILATION_CONDITIONS = DEBUG;
				SWIFT_OPTIMIZATION_LEVEL = "-Onone";
			};
			name = Debug;
		};
		CC2CC0742A6C54E700D17A0F /* Release */ = {
			isa = XCBuildConfiguration;
			buildSettings = {
				ALWAYS_SEARCH_USER_PATHS = NO;
				CLANG_ANALYZER_NONNULL = YES;
				CLANG_ANALYZER_NUMBER_OBJECT_CONVERSION = YES_AGGRESSIVE;
				CLANG_CXX_LANGUAGE_STANDARD = "gnu++20";
				CLANG_ENABLE_MODULES = YES;
				CLANG_ENABLE_OBJC_ARC = YES;
				CLANG_ENABLE_OBJC_WEAK = YES;
				CLANG_WARN_BLOCK_CAPTURE_AUTORELEASING = YES;
				CLANG_WARN_BOOL_CONVERSION = YES;
				CLANG_WARN_COMMA = YES;
				CLANG_WARN_CONSTANT_CONVERSION = YES;
				CLANG_WARN_DEPRECATED_OBJC_IMPLEMENTATIONS = YES;
				CLANG_WARN_DIRECT_OBJC_ISA_USAGE = YES_ERROR;
				CLANG_WARN_DOCUMENTATION_COMMENTS = YES;
				CLANG_WARN_EMPTY_BODY = YES;
				CLANG_WARN_ENUM_CONVERSION = YES;
				CLANG_WARN_INFINITE_RECURSION = YES;
				CLANG_WARN_INT_CONVERSION = YES;
				CLANG_WARN_NON_LITERAL_NULL_CONVERSION = YES;
				CLANG_WARN_OBJC_IMPLICIT_RETAIN_SELF = YES;
				CLANG_WARN_OBJC_LITERAL_CONVERSION = YES;
				CLANG_WARN_OBJC_ROOT_CLASS = YES_ERROR;
				CLANG_WARN_QUOTED_INCLUDE_IN_FRAMEWORK_HEADER = YES;
				CLANG_WARN_RANGE_LOOP_ANALYSIS = YES;
				CLANG_WARN_STRICT_PROTOTYPES = YES;
				CLANG_WARN_SUSPICIOUS_MOVE = YES;
				CLANG_WARN_UNGUARDED_AVAILABILITY = YES_AGGRESSIVE;
				CLANG_WARN_UNREACHABLE_CODE = YES;
				CLANG_WARN__DUPLICATE_METHOD_MATCH = YES;
				COPY_PHASE_STRIP = NO;
				DEBUG_INFORMATION_FORMAT = "dwarf-with-dsym";
				ENABLE_NS_ASSERTIONS = NO;
				ENABLE_STRICT_OBJC_MSGSEND = YES;
				GCC_C_LANGUAGE_STANDARD = gnu11;
				GCC_NO_COMMON_BLOCKS = YES;
				GCC_WARN_64_TO_32_BIT_CONVERSION = YES;
				GCC_WARN_ABOUT_RETURN_TYPE = YES_ERROR;
				GCC_WARN_UNDECLARED_SELECTOR = YES;
				GCC_WARN_UNINITIALIZED_AUTOS = YES_AGGRESSIVE;
				GCC_WARN_UNUSED_FUNCTION = YES;
				GCC_WARN_UNUSED_VARIABLE = YES;
				IPHONEOS_DEPLOYMENT_TARGET = 16.4;
				MTL_ENABLE_DEBUG_INFO = NO;
				MTL_FAST_MATH = YES;
				SDKROOT = iphoneos;
				SWIFT_COMPILATION_MODE = wholemodule;
				SWIFT_OPTIMIZATION_LEVEL = "-O";
				VALIDATE_PRODUCT = YES;
			};
			name = Release;
		};
		CC2CC0762A6C54E700D17A0F /* Debug */ = {
			isa = XCBuildConfiguration;
			buildSettings = {
				ASSETCATALOG_COMPILER_APPICON_NAME = AppIcon;
				ASSETCATALOG_COMPILER_GLOBAL_ACCENT_COLOR_NAME = AccentColor;
				CODE_SIGN_STYLE = Automatic;
				CURRENT_PROJECT_VERSION = 1;
				DEVELOPMENT_TEAM = 36G2J6D7N4;
				GENERATE_INFOPLIST_FILE = YES;
				INFOPLIST_FILE = AIWriter/Info.plist;
				INFOPLIST_KEY_UIApplicationSupportsIndirectInputEvents = YES;
				INFOPLIST_KEY_UILaunchStoryboardName = LaunchScreen;
				INFOPLIST_KEY_UISupportedInterfaceOrientations_iPad = "UIInterfaceOrientationPortrait UIInterfaceOrientationPortraitUpsideDown UIInterfaceOrientationLandscapeLeft UIInterfaceOrientationLandscapeRight";
				INFOPLIST_KEY_UISupportedInterfaceOrientations_iPhone = "UIInterfaceOrientationPortrait UIInterfaceOrientationLandscapeLeft UIInterfaceOrientationLandscapeRight";
				LD_RUNPATH_SEARCH_PATHS = (
					"$(inherited)",
					"@executable_path/Frameworks",
				);
				MARKETING_VERSION = 1.0;
				PRODUCT_BUNDLE_IDENTIFIER = com.ridvanyilmaz.AIWriter;
				PRODUCT_NAME = "$(TARGET_NAME)";
				SWIFT_EMIT_LOC_STRINGS = YES;
				SWIFT_VERSION = 5.0;
				TARGETED_DEVICE_FAMILY = "1,2";
			};
			name = Debug;
		};
		CC2CC0772A6C54E700D17A0F /* Release */ = {
			isa = XCBuildConfiguration;
			buildSettings = {
				ASSETCATALOG_COMPILER_APPICON_NAME = AppIcon;
				ASSETCATALOG_COMPILER_GLOBAL_ACCENT_COLOR_NAME = AccentColor;
				CODE_SIGN_STYLE = Automatic;
				CURRENT_PROJECT_VERSION = 1;
				DEVELOPMENT_TEAM = 36G2J6D7N4;
				GENERATE_INFOPLIST_FILE = YES;
				INFOPLIST_FILE = AIWriter/Info.plist;
				INFOPLIST_KEY_UIApplicationSupportsIndirectInputEvents = YES;
				INFOPLIST_KEY_UILaunchStoryboardName = LaunchScreen;
				INFOPLIST_KEY_UISupportedInterfaceOrientations_iPad = "UIInterfaceOrientationPortrait UIInterfaceOrientationPortraitUpsideDown UIInterfaceOrientationLandscapeLeft UIInterfaceOrientationLandscapeRight";
				INFOPLIST_KEY_UISupportedInterfaceOrientations_iPhone = "UIInterfaceOrientationPortrait UIInterfaceOrientationLandscapeLeft UIInterfaceOrientationLandscapeRight";
				LD_RUNPATH_SEARCH_PATHS = (
					"$(inherited)",
					"@executable_path/Frameworks",
				);
				MARKETING_VERSION = 1.0;
				PRODUCT_BUNDLE_IDENTIFIER = com.ridvanyilmaz.AIWriter;
				PRODUCT_NAME = "$(TARGET_NAME)";
				SWIFT_EMIT_LOC_STRINGS = YES;
				SWIFT_VERSION = 5.0;
				TARGETED_DEVICE_FAMILY = "1,2";
			};
			name = Release;
		};
/* End XCBuildConfiguration section */

/* Begin XCConfigurationList section */
		CC2CC05C2A6C54E600D17A0F /* Build configuration list for PBXProject "AIWriter" */ = {
			isa = XCConfigurationList;
			buildConfigurations = (
				CC2CC0732A6C54E700D17A0F /* Debug */,
				CC2CC0742A6C54E700D17A0F /* Release */,
			);
			defaultConfigurationIsVisible = 0;
			defaultConfigurationName = Release;
		};
		CC2CC0752A6C54E700D17A0F /* Build configuration list for PBXNativeTarget "AIWriter" */ = {
			isa = XCConfigurationList;
			buildConfigurations = (
				CC2CC0762A6C54E700D17A0F /* Debug */,
				CC2CC0772A6C54E700D17A0F /* Release */,
			);
			defaultConfigurationIsVisible = 0;
			defaultConfigurationName = Release;
		};
/* End XCConfigurationList section */
	};
	rootObject = CC2CC0592A6C54E600D17A0F /* Project object */;
}
